
Microsoft Visual Studio Solution File, Format Version 12.00
# Visual Studio Version 17
VisualStudioVersion = 17.13.35825.156 d17.13
MinimumVisualStudioVersion = 10.0.40219.1
Project("{FAE04EC0-301F-11D3-BF4B-00C04F79EFBC}") = "QRCode1", "QRCode\QRCode1.csproj", "{7CA7C21B-3BA4-4EE7-9103-72D313962710}"
EndProject
Global
	GlobalSection(SolutionConfigurationPlatforms) = preSolution
		Debug|Any CPU = Debug|Any CPU
		Release|Any CPU = Release|Any CPU
	EndGlobalSection
	GlobalSection(ProjectConfigurationPlatforms) = postSolution
		{7CA7C21B-3BA4-4EE7-9103-72D313962710}.Debug|Any CPU.ActiveCfg = Debug|Any CPU
		{7CA7C21B-3BA4-4EE7-9103-72D313962710}.Debug|Any CPU.Build.0 = Debug|Any CPU
		{7CA7C21B-3BA4-4EE7-9103-72D313962710}.Release|Any CPU.ActiveCfg = Release|Any CPU
		{7CA7C21B-3BA4-4EE7-9103-72D313962710}.Release|Any CPU.Build.0 = Release|Any CPU
	EndGlobalSection
	GlobalSection(SolutionProperties) = preSolution
		HideSolutionNode = FALSE
	EndGlobalSection
	GlobalSection(ExtensibilityGlobals) = postSolution
		SolutionGuid = {D09EB22D-E62E-419C-AEB3-DC62A64CDE92}
	EndGlobalSection
EndGlobal
